Microsoft Visual Studio Solution File, Format Version 12.00
# Visual Studio Version 17
VisualStudioVersion = 17.0.31903.59
MinimumVisualStudioVersion = 10.0.40219.1
Project("{F184B08F-C81C-45F6-A57F-5ABD9991F28F}") = "hello_world", "hello_world\hello_world.vbproj", "{562F4404-5C6F-45CE-8363-4E0A77E0842F}"
EndProject
Project("{F184B08F-C81C-45F6-A57F-5ABD9991F28F}") = "collections", "collections\collections.vbproj", "{4118230D-B6B9-4390-A930-140A8BEF85DC}"
EndProject
Project("{F184B08F-C81C-45F6-A57F-5ABD9991F28F}") = "collections2", "collections2\collections2.vbproj", "{E34E9BED-D99B-4BDA-B169-8F0F7ABCB473}"
EndProject
Project("{F184B08F-C81C-45F6-A57F-5ABD9991F28F}") = "metafiles", "metafiles\metafiles.vbproj", "{B22D6136-C83B-4CDF-8D55-7CC6F949836A}"
EndProject
Project("{F184B08F-C81C-45F6-A57F-5ABD9991F28F}") = "personalize", "personalize\personalize.vbproj", "{082CB072-496C-4439-936E-6C2586D0D412}"
EndProject
Project("{F184B08F-C81C-45F6-A57F-5ABD9991F28F}") = "signature_ap", "signature_ap\signature_ap.vbproj", "{03EFD838-1DC9-4C92-A16E-C8A98BAD98E8}"
EndProject
Project("{F184B08F-C81C-45F6-A57F-5ABD9991F28F}") = "text_extraction", "text_extraction\text_extraction.vbproj", "{21002409-0216-401D-805B-0E230AB39303}"
EndProject
Project("{F184B08F-C81C-45F6-A57F-5ABD9991F28F}") = "text_formatting", "text_formatting\text_formatting.vbproj", "{4773E463-2010-4B39-971C-46A1E069C302}"
EndProject
Project("{F184B08F-C81C-45F6-A57F-5ABD9991F28F}") = "signed_pdfa", "signed_pdfa\signed_pdfa.vbproj", "{03EFD112-1DC9-4C92-A16E-C8A98BAD93E8}"
EndProject
Project("{F184B08F-C81C-45F6-A57F-5ABD9991F28F}") = "edit_text", "edit_text\edit_text.vbproj", "{FBB48C29-ED05-4098-B98C-E66D9EEC02DA}"
EndProject
Project("{F184B08F-C81C-45F6-A57F-5ABD9991F28F}") = "text_search", "content_parser\text_search\text_search.vbproj", "{B14E048C-AE59-4EA3-AB0D-9C5FE994C978}"
EndProject
Project("{F184B08F-C81C-45F6-A57F-5ABD9991F28F}") = "text_coordinates", "content_parser\text_coordinates\text_coordinates.vbproj", "{A8CA15E5-7EF7-4F2B-8A89-2CDE5C6A8184}"
EndProject
Project("{F184B08F-C81C-45F6-A57F-5ABD9991F28F}") = "text_extraction2", "content_parser\text_extraction\text_extraction2.vbproj", "{66CC2F53-CFB0-49BF-A4D5-358D8E2EB442}"
EndProject
Project("{F184B08F-C81C-45F6-A57F-5ABD9991F28F}") = "image_extraction", "content_parser\image_extraction\image_extraction.vbproj", "{B611268D-8B11-4375-9AC6-50DD01EC7104}"
EndProject
Project("{F184B08F-C81C-45F6-A57F-5ABD9991F28F}") = "table_templates", "tables\templates\table_templates.vbproj", "{57644A73-DC73-4841-A961-FA555959E55F}"
EndProject
Project("{F184B08F-C81C-45F6-A57F-5ABD9991F28F}") = "table_text", "tables\text\table_text.vbproj", "{18DD392A-06BB-4B70-8E0C-3745EE6C0DB9}"
EndProject
Project("{F184B08F-C81C-45F6-A57F-5ABD9991F28F}") = "tables_images", "tables\images\tables_images.vbproj", "{62811285-306A-419C-8A90-63CAEDE35D98}"
EndProject
Project("{F184B08F-C81C-45F6-A57F-5ABD9991F28F}") = "check_boxes", "acroform\check_boxes\check_boxes.vbproj", "{0FAD087C-A873-4D1D-BA5A-24A63AC2C4C5}"
EndProject
Project("{F184B08F-C81C-45F6-A57F-5ABD9991F28F}") = "field_groups", "acroform\field_groups\field_groups.vbproj", "{2B44ABA8-515A-4C57-9C43-C5817317EB26}"
EndProject
Project("{F184B08F-C81C-45F6-A57F-5ABD9991F28F}") = "form_fields", "acroform\form_fields\form_fields.vbproj", "{0660C4FC-B8EB-428E-A869-328E9E5894F5}"
EndProject
Project("{F184B08F-C81C-45F6-A57F-5ABD9991F28F}") = "annotation_replies", "annotations\annotation_replies\annotation_replies.vbproj", "{EBB23712-F833-4F91-B275-C4DEAA0B9134}"
EndProject
Project("{F184B08F-C81C-45F6-A57F-5ABD9991F28F}") = "annotation_types", "annotations\annotation_types\annotation_types.vbproj", "{5C757F85-3BA1-43F8-8890-51191E7A2A85}"
EndProject
Project("{F184B08F-C81C-45F6-A57F-5ABD9991F28F}") = "highlight_annotations", "annotations\highlight_annotations\highlight_annotations.vbproj", "{FD35E327-A158-49ED-950E-ECF36BFF5C98}"
EndProject
Project("{F184B08F-C81C-45F6-A57F-5ABD9991F28F}") = "measure_lines", "annotations\measure_lines\measure_lines.vbproj", "{1827084D-F6B7-4207-81E0-C8138A595746}"
EndProject
Project("{F184B08F-C81C-45F6-A57F-5ABD9991F28F}") = "migration_states", "annotations\migration_states\migration_states.vbproj", "{C1F1D068-C6BD-4F46-839B-4E8810CAF571}"
EndProject
Project("{F184B08F-C81C-45F6-A57F-5ABD9991F28F}") = "quad_points", "annotations\quad_points\quad_points.vbproj", "{F9B91480-BCCB-4882-826B-FAE98D50D232}"
EndProject
Project("{F184B08F-C81C-45F6-A57F-5ABD9991F28F}") = "stamps", "annotations\stamps\stamps.vbproj", "{E062D28D-3B11-44F0-B7A4-48966209391A}"
EndProject
Project("{F184B08F-C81C-45F6-A57F-5ABD9991F28F}") = "bookmarks", "bookmarks\bookmarks.vbproj", "{3BA241C4-F35A-42E8-8105-50884D75411A}"
EndProject
Project("{F184B08F-C81C-45F6-A57F-5ABD9991F28F}") = "edit_page", "edit_page\edit_page.vbproj", "{7C66A184-8A21-4772-B1B3-78AC190BFA14}"
EndProject
Project("{F184B08F-C81C-45F6-A57F-5ABD9991F28F}") = "layer_tree", "layers\layer_tree\layer_tree.vbproj", "{9D2FBCEF-F8AC-4097-850A-81CE3DCE55C0}"
EndProject
Project("{F184B08F-C81C-45F6-A57F-5ABD9991F28F}") = "layers", "layers\layers\layers.vbproj", "{EC029B46-009B-4491-83E1-E69CDD36D2FC}"
EndProject
Project("{F184B08F-C81C-45F6-A57F-5ABD9991F28F}") = "checkconformance", "pdfa_extension\checkconformance\checkconformance.vbproj", "{241F9246-C754-4D6A-A7B7-7915B1728317}"
EndProject
Project("{F184B08F-C81C-45F6-A57F-5ABD9991F28F}") = "optimize", "optimize\optimize.vbproj", "{619E4F55-08CF-4B09-B8A7-CA6DB47E9159}"
EndProject
Project("{F184B08F-C81C-45F6-A57F-5ABD9991F28F}") = "merge_pdf", "merge_pdf\merge_pdf.vbproj", "{C2F18AEF-1E9F-4CF2-B73D-DE2BF9AD1F0E}"
EndProject
Project("{F184B08F-C81C-45F6-A57F-5ABD9991F28F}") = "print_pdf", "rendering_engine\print_pdf\print_pdf.vbproj", "{3CF670A6-93ED-4B93-81E5-9B175027DA42}"
EndProject
Project("{F184B08F-C81C-45F6-A57F-5ABD9991F28F}") = "render_page_to_image", "rendering_engine\render_page_to_image\render_page_to_image.vbproj", "{425E583B-55AA-4936-B6A6-89B464E5CC13}"
EndProject
Project("{F184B08F-C81C-45F6-A57F-5ABD9991F28F}") = "split_pdf", "split_pdf\split_pdf.vbproj", "{7CC40494-9027-40D5-BDB9-6516BF168992}"
EndProject
Project("{F184B08F-C81C-45F6-A57F-5ABD9991F28F}") = "alpha_transparency", "transparency\alpha_transparency\alpha_transparency.vbproj", "{2645627B-5E28-4812-8403-01C20B9E3E77}"
EndProject
Project("{F184B08F-C81C-45F6-A57F-5ABD9991F28F}") = "softmask", "transparency\softmask\softmask.vbproj", "{0DABA934-516A-4BBB-8CB7-7AE6B92976F0}"
EndProject
Project("{F184B08F-C81C-45F6-A57F-5ABD9991F28F}") = "render_page", "rendering_engine\render_page\render_page.vbproj", "{AE40E138-A271-48A0-A23D-7A646FAC04D8}"
EndProject
Project("{F184B08F-C81C-45F6-A57F-5ABD9991F28F}") = "render_page_ex", "rendering_engine\render_page_ex\render_page_ex.vbproj", "{17858CE8-C019-45A6-9BB5-20859B37630F}"
EndProject
Project("{F184B08F-C81C-45F6-A57F-5ABD9991F28F}") = "PDFViewer", "PDFViewer\PDFViewer\PDFViewer.vbproj", "{AA7031C2-9B4B-427B-AAEC-507DE0890D10}"
	ProjectSection(ProjectDependencies) = postProject
		{13ACA26D-CC42-4D52-8A6E-77C263226D35} = {13ACA26D-CC42-4D52-8A6E-77C263226D35}
		{D1AFFAFA-244D-4FD2-9861-E007C69646AD} = {D1AFFAFA-244D-4FD2-9861-E007C69646AD}
	EndProjectSection
EndProject
Project("{FAE04EC0-301F-11D3-BF4B-00C04F79EFBC}") = "ClassLibrary", "..\Visual CSharp\PDFViewer\ClassLibrary\ClassLibrary.csproj", "{D1AFFAFA-244D-4FD2-9861-E007C69646AD}"
EndProject
Project("{FAE04EC0-301F-11D3-BF4B-00C04F79EFBC}") = "PDFCanvas", "..\Visual CSharp\PDFViewer\PDFCanvas\PDFCanvas.csproj", "{13ACA26D-CC42-4D52-8A6E-77C263226D35}"
EndProject
Project("{F184B08F-C81C-45F6-A57F-5ABD9991F28F}") = "render_page_2", "rendering_engine\render_page_2\render_page_2.vbproj", "{6BAAB585-C51E-4ECA-A6C1-0360A386175E}"
EndProject
Project("{F184B08F-C81C-45F6-A57F-5ABD9991F28F}") = "text_extraction3", "text_extraction3\text_extraction3.vbproj", "{21003409-0216-401D-905B-0E230AB39303}"
EndProject
Project("{F184B08F-C81C-45F6-A57F-5ABD9991F28F}") = "barcodes", "barcodes\barcodes.vbproj", "{1118230D-66B9-4390-A930-180A8BEF852C}"
EndProject
Global
	GlobalSection(SolutionConfigurationPlatforms) = preSolution
		Debug|Any CPU = Debug|Any CPU
		Debug|x64 = Debug|x64
		Debug|x86 = Debug|x86
		Release|Any CPU = Release|Any CPU
		Release|x64 = Release|x64
		Release|x86 = Release|x86
	EndGlobalSection
	GlobalSection(ProjectConfigurationPlatforms) = postSolution
		{562F4404-5C6F-45CE-8363-4E0A77E0842F}.Debug|Any CPU.ActiveCfg = Debug|Any CPU
		{562F4404-5C6F-45CE-8363-4E0A77E0842F}.Debug|Any CPU.Build.0 = Debug|Any CPU
		{562F4404-5C6F-45CE-8363-4E0A77E0842F}.Debug|x64.ActiveCfg = Debug|x64
		{562F4404-5C6F-45CE-8363-4E0A77E0842F}.Debug|x64.Build.0 = Debug|x64
		{562F4404-5C6F-45CE-8363-4E0A77E0842F}.Debug|x86.ActiveCfg = Debug|x86
		{562F4404-5C6F-45CE-8363-4E0A77E0842F}.Debug|x86.Build.0 = Debug|x86
		{562F4404-5C6F-45CE-8363-4E0A77E0842F}.Release|Any CPU.ActiveCfg = Release|Any CPU
		{562F4404-5C6F-45CE-8363-4E0A77E0842F}.Release|Any CPU.Build.0 = Release|Any CPU
		{562F4404-5C6F-45CE-8363-4E0A77E0842F}.Release|x64.ActiveCfg = Release|x64
		{562F4404-5C6F-45CE-8363-4E0A77E0842F}.Release|x64.Build.0 = Release|x64
		{562F4404-5C6F-45CE-8363-4E0A77E0842F}.Release|x86.ActiveCfg = Release|x86
		{562F4404-5C6F-45CE-8363-4E0A77E0842F}.Release|x86.Build.0 = Release|x86
		{4118230D-B6B9-4390-A930-140A8BEF85DC}.Debug|Any CPU.ActiveCfg = Debug|Any CPU
		{4118230D-B6B9-4390-A930-140A8BEF85DC}.Debug|Any CPU.Build.0 = Debug|Any CPU
		{4118230D-B6B9-4390-A930-140A8BEF85DC}.Debug|x64.ActiveCfg = Debug|x64
		{4118230D-B6B9-4390-A930-140A8BEF85DC}.Debug|x64.Build.0 = Debug|x64
		{4118230D-B6B9-4390-A930-140A8BEF85DC}.Debug|x86.ActiveCfg = Debug|x86
		{4118230D-B6B9-4390-A930-140A8BEF85DC}.Debug|x86.Build.0 = Debug|x86
		{4118230D-B6B9-4390-A930-140A8BEF85DC}.Release|Any CPU.ActiveCfg = Release|Any CPU
		{4118230D-B6B9-4390-A930-140A8BEF85DC}.Release|Any CPU.Build.0 = Release|Any CPU
		{4118230D-B6B9-4390-A930-140A8BEF85DC}.Release|x64.ActiveCfg = Release|x64
		{4118230D-B6B9-4390-A930-140A8BEF85DC}.Release|x64.Build.0 = Release|x64
		{4118230D-B6B9-4390-A930-140A8BEF85DC}.Release|x86.ActiveCfg = Release|x86
		{4118230D-B6B9-4390-A930-140A8BEF85DC}.Release|x86.Build.0 = Release|x86
		{E34E9BED-D99B-4BDA-B169-8F0F7ABCB473}.Debug|Any CPU.ActiveCfg = Debug|Any CPU
		{E34E9BED-D99B-4BDA-B169-8F0F7ABCB473}.Debug|Any CPU.Build.0 = Debug|Any CPU
		{E34E9BED-D99B-4BDA-B169-8F0F7ABCB473}.Debug|x64.ActiveCfg = Debug|x64
		{E34E9BED-D99B-4BDA-B169-8F0F7ABCB473}.Debug|x64.Build.0 = Debug|x64
		{E34E9BED-D99B-4BDA-B169-8F0F7ABCB473}.Debug|x86.ActiveCfg = Debug|x86
		{E34E9BED-D99B-4BDA-B169-8F0F7ABCB473}.Debug|x86.Build.0 = Debug|x86
		{E34E9BED-D99B-4BDA-B169-8F0F7ABCB473}.Release|Any CPU.ActiveCfg = Release|Any CPU
		{E34E9BED-D99B-4BDA-B169-8F0F7ABCB473}.Release|Any CPU.Build.0 = Release|Any CPU
		{E34E9BED-D99B-4BDA-B169-8F0F7ABCB473}.Release|x64.ActiveCfg = Release|x64
		{E34E9BED-D99B-4BDA-B169-8F0F7ABCB473}.Release|x64.Build.0 = Release|x64
		{E34E9BED-D99B-4BDA-B169-8F0F7ABCB473}.Release|x86.ActiveCfg = Release|x86
		{E34E9BED-D99B-4BDA-B169-8F0F7ABCB473}.Release|x86.Build.0 = Release|x86
		{B22D6136-C83B-4CDF-8D55-7CC6F949836A}.Debug|Any CPU.ActiveCfg = Debug|Any CPU
		{B22D6136-C83B-4CDF-8D55-7CC6F949836A}.Debug|Any CPU.Build.0 = Debug|Any CPU
		{B22D6136-C83B-4CDF-8D55-7CC6F949836A}.Debug|x64.ActiveCfg = Debug|x64
		{B22D6136-C83B-4CDF-8D55-7CC6F949836A}.Debug|x64.Build.0 = Debug|x64
		{B22D6136-C83B-4CDF-8D55-7CC6F949836A}.Debug|x86.ActiveCfg = Debug|x86
		{B22D6136-C83B-4CDF-8D55-7CC6F949836A}.Debug|x86.Build.0 = Debug|x86
		{B22D6136-C83B-4CDF-8D55-7CC6F949836A}.Release|Any CPU.ActiveCfg = Release|Any CPU
		{B22D6136-C83B-4CDF-8D55-7CC6F949836A}.Release|Any CPU.Build.0 = Release|Any CPU
		{B22D6136-C83B-4CDF-8D55-7CC6F949836A}.Release|x64.ActiveCfg = Release|x64
		{B22D6136-C83B-4CDF-8D55-7CC6F949836A}.Release|x64.Build.0 = Release|x64
		{B22D6136-C83B-4CDF-8D55-7CC6F949836A}.Release|x86.ActiveCfg = Release|x86
		{B22D6136-C83B-4CDF-8D55-7CC6F949836A}.Release|x86.Build.0 = Release|x86
		{082CB072-496C-4439-936E-6C2586D0D412}.Debug|Any CPU.ActiveCfg = Debug|Any CPU
		{082CB072-496C-4439-936E-6C2586D0D412}.Debug|Any CPU.Build.0 = Debug|Any CPU
		{082CB072-496C-4439-936E-6C2586D0D412}.Debug|x64.ActiveCfg = Debug|x64
		{082CB072-496C-4439-936E-6C2586D0D412}.Debug|x64.Build.0 = Debug|x64
		{082CB072-496C-4439-936E-6C2586D0D412}.Debug|x86.ActiveCfg = Debug|x86
		{082CB072-496C-4439-936E-6C2586D0D412}.Debug|x86.Build.0 = Debug|x86
		{082CB072-496C-4439-936E-6C2586D0D412}.Release|Any CPU.ActiveCfg = Release|Any CPU
		{082CB072-496C-4439-936E-6C2586D0D412}.Release|Any CPU.Build.0 = Release|Any CPU
		{082CB072-496C-4439-936E-6C2586D0D412}.Release|x64.ActiveCfg = Release|x64
		{082CB072-496C-4439-936E-6C2586D0D412}.Release|x64.Build.0 = Release|x64
		{082CB072-496C-4439-936E-6C2586D0D412}.Release|x86.ActiveCfg = Release|x86
		{082CB072-496C-4439-936E-6C2586D0D412}.Release|x86.Build.0 = Release|x86
		{03EFD838-1DC9-4C92-A16E-C8A98BAD98E8}.Debug|Any CPU.ActiveCfg = Debug|Any CPU
		{03EFD838-1DC9-4C92-A16E-C8A98BAD98E8}.Debug|Any CPU.Build.0 = Debug|Any CPU
		{03EFD838-1DC9-4C92-A16E-C8A98BAD98E8}.Debug|x64.ActiveCfg = Debug|x64
		{03EFD838-1DC9-4C92-A16E-C8A98BAD98E8}.Debug|x64.Build.0 = Debug|x64
		{03EFD838-1DC9-4C92-A16E-C8A98BAD98E8}.Debug|x86.ActiveCfg = Debug|x86
		{03EFD838-1DC9-4C92-A16E-C8A98BAD98E8}.Debug|x86.Build.0 = Debug|x86
		{03EFD838-1DC9-4C92-A16E-C8A98BAD98E8}.Release|Any CPU.ActiveCfg = Release|Any CPU
		{03EFD838-1DC9-4C92-A16E-C8A98BAD98E8}.Release|Any CPU.Build.0 = Release|Any CPU
		{03EFD838-1DC9-4C92-A16E-C8A98BAD98E8}.Release|x64.ActiveCfg = Release|x64
		{03EFD838-1DC9-4C92-A16E-C8A98BAD98E8}.Release|x64.Build.0 = Release|x64
		{03EFD838-1DC9-4C92-A16E-C8A98BAD98E8}.Release|x86.ActiveCfg = Release|x86
		{03EFD838-1DC9-4C92-A16E-C8A98BAD98E8}.Release|x86.Build.0 = Release|x86
		{21002409-0216-401D-805B-0E230AB39303}.Debug|Any CPU.ActiveCfg = Debug|Any CPU
		{21002409-0216-401D-805B-0E230AB39303}.Debug|Any CPU.Build.0 = Debug|Any CPU
		{21002409-0216-401D-805B-0E230AB39303}.Debug|x64.ActiveCfg = Debug|x64
		{21002409-0216-401D-805B-0E230AB39303}.Debug|x64.Build.0 = Debug|x64
		{21002409-0216-401D-805B-0E230AB39303}.Debug|x86.ActiveCfg = Debug|x86
		{21002409-0216-401D-805B-0E230AB39303}.Debug|x86.Build.0 = Debug|x86
		{21002409-0216-401D-805B-0E230AB39303}.Release|Any CPU.ActiveCfg = Release|Any CPU
		{21002409-0216-401D-805B-0E230AB39303}.Release|Any CPU.Build.0 = Release|Any CPU
		{21002409-0216-401D-805B-0E230AB39303}.Release|x64.ActiveCfg = Release|x64
		{21002409-0216-401D-805B-0E230AB39303}.Release|x64.Build.0 = Release|x64
		{21002409-0216-401D-805B-0E230AB39303}.Release|x86.ActiveCfg = Release|x86
		{21002409-0216-401D-805B-0E230AB39303}.Release|x86.Build.0 = Release|x86
		{4773E463-2010-4B39-971C-46A1E069C302}.Debug|Any CPU.ActiveCfg = Debug|Any CPU
		{4773E463-2010-4B39-971C-46A1E069C302}.Debug|Any CPU.Build.0 = Debug|Any CPU
		{4773E463-2010-4B39-971C-46A1E069C302}.Debug|x64.ActiveCfg = Debug|x64
		{4773E463-2010-4B39-971C-46A1E069C302}.Debug|x64.Build.0 = Debug|x64
		{4773E463-2010-4B39-971C-46A1E069C302}.Debug|x86.ActiveCfg = Debug|x86
		{4773E463-2010-4B39-971C-46A1E069C302}.Debug|x86.Build.0 = Debug|x86
		{4773E463-2010-4B39-971C-46A1E069C302}.Release|Any CPU.ActiveCfg = Release|Any CPU
		{4773E463-2010-4B39-971C-46A1E069C302}.Release|Any CPU.Build.0 = Release|Any CPU
		{4773E463-2010-4B39-971C-46A1E069C302}.Release|x64.ActiveCfg = Release|x64
		{4773E463-2010-4B39-971C-46A1E069C302}.Release|x64.Build.0 = Release|x64
		{4773E463-2010-4B39-971C-46A1E069C302}.Release|x86.ActiveCfg = Release|x86
		{4773E463-2010-4B39-971C-46A1E069C302}.Release|x86.Build.0 = Release|x86
		{03EFD112-1DC9-4C92-A16E-C8A98BAD93E8}.Debug|Any CPU.ActiveCfg = Debug|Any CPU
		{03EFD112-1DC9-4C92-A16E-C8A98BAD93E8}.Debug|Any CPU.Build.0 = Debug|Any CPU
		{03EFD112-1DC9-4C92-A16E-C8A98BAD93E8}.Debug|x64.ActiveCfg = Debug|x64
		{03EFD112-1DC9-4C92-A16E-C8A98BAD93E8}.Debug|x64.Build.0 = Debug|x64
		{03EFD112-1DC9-4C92-A16E-C8A98BAD93E8}.Debug|x86.ActiveCfg = Debug|x86
		{03EFD112-1DC9-4C92-A16E-C8A98BAD93E8}.Debug|x86.Build.0 = Debug|x86
		{03EFD112-1DC9-4C92-A16E-C8A98BAD93E8}.Release|Any CPU.ActiveCfg = Release|Any CPU
		{03EFD112-1DC9-4C92-A16E-C8A98BAD93E8}.Release|Any CPU.Build.0 = Release|Any CPU
		{03EFD112-1DC9-4C92-A16E-C8A98BAD93E8}.Release|x64.ActiveCfg = Release|x64
		{03EFD112-1DC9-4C92-A16E-C8A98BAD93E8}.Release|x64.Build.0 = Release|x64
		{03EFD112-1DC9-4C92-A16E-C8A98BAD93E8}.Release|x86.ActiveCfg = Release|x86
		{03EFD112-1DC9-4C92-A16E-C8A98BAD93E8}.Release|x86.Build.0 = Release|x86
		{FBB48C29-ED05-4098-B98C-E66D9EEC02DA}.Debug|Any CPU.ActiveCfg = Debug|Any CPU
		{FBB48C29-ED05-4098-B98C-E66D9EEC02DA}.Debug|Any CPU.Build.0 = Debug|Any CPU
		{FBB48C29-ED05-4098-B98C-E66D9EEC02DA}.Debug|x64.ActiveCfg = Debug|x64
		{FBB48C29-ED05-4098-B98C-E66D9EEC02DA}.Debug|x64.Build.0 = Debug|x64
		{FBB48C29-ED05-4098-B98C-E66D9EEC02DA}.Debug|x86.ActiveCfg = Debug|x86
		{FBB48C29-ED05-4098-B98C-E66D9EEC02DA}.Debug|x86.Build.0 = Debug|x86
		{FBB48C29-ED05-4098-B98C-E66D9EEC02DA}.Release|Any CPU.ActiveCfg = Release|Any CPU
		{FBB48C29-ED05-4098-B98C-E66D9EEC02DA}.Release|Any CPU.Build.0 = Release|Any CPU
		{FBB48C29-ED05-4098-B98C-E66D9EEC02DA}.Release|x64.ActiveCfg = Release|x64
		{FBB48C29-ED05-4098-B98C-E66D9EEC02DA}.Release|x64.Build.0 = Release|x64
		{FBB48C29-ED05-4098-B98C-E66D9EEC02DA}.Release|x86.ActiveCfg = Release|x86
		{FBB48C29-ED05-4098-B98C-E66D9EEC02DA}.Release|x86.Build.0 = Release|x86
		{B14E048C-AE59-4EA3-AB0D-9C5FE994C978}.Debug|Any CPU.ActiveCfg = Debug|Any CPU
		{B14E048C-AE59-4EA3-AB0D-9C5FE994C978}.Debug|Any CPU.Build.0 = Debug|Any CPU
		{B14E048C-AE59-4EA3-AB0D-9C5FE994C978}.Debug|x64.ActiveCfg = Debug|x64
		{B14E048C-AE59-4EA3-AB0D-9C5FE994C978}.Debug|x64.Build.0 = Debug|x64
		{B14E048C-AE59-4EA3-AB0D-9C5FE994C978}.Debug|x86.ActiveCfg = Debug|x86
		{B14E048C-AE59-4EA3-AB0D-9C5FE994C978}.Debug|x86.Build.0 = Debug|x86
		{B14E048C-AE59-4EA3-AB0D-9C5FE994C978}.Release|Any CPU.ActiveCfg = Release|Any CPU
		{B14E048C-AE59-4EA3-AB0D-9C5FE994C978}.Release|Any CPU.Build.0 = Release|Any CPU
		{B14E048C-AE59-4EA3-AB0D-9C5FE994C978}.Release|x64.ActiveCfg = Release|x64
		{B14E048C-AE59-4EA3-AB0D-9C5FE994C978}.Release|x64.Build.0 = Release|x64
		{B14E048C-AE59-4EA3-AB0D-9C5FE994C978}.Release|x86.ActiveCfg = Release|x86
		{B14E048C-AE59-4EA3-AB0D-9C5FE994C978}.Release|x86.Build.0 = Release|x86
		{A8CA15E5-7EF7-4F2B-8A89-2CDE5C6A8184}.Debug|Any CPU.ActiveCfg = Debug|Any CPU
		{A8CA15E5-7EF7-4F2B-8A89-2CDE5C6A8184}.Debug|Any CPU.Build.0 = Debug|Any CPU
		{A8CA15E5-7EF7-4F2B-8A89-2CDE5C6A8184}.Debug|x64.ActiveCfg = Debug|x64
		{A8CA15E5-7EF7-4F2B-8A89-2CDE5C6A8184}.Debug|x64.Build.0 = Debug|x64
		{A8CA15E5-7EF7-4F2B-8A89-2CDE5C6A8184}.Debug|x86.ActiveCfg = Debug|x86
		{A8CA15E5-7EF7-4F2B-8A89-2CDE5C6A8184}.Debug|x86.Build.0 = Debug|x86
		{A8CA15E5-7EF7-4F2B-8A89-2CDE5C6A8184}.Release|Any CPU.ActiveCfg = Release|Any CPU
		{A8CA15E5-7EF7-4F2B-8A89-2CDE5C6A8184}.Release|Any CPU.Build.0 = Release|Any CPU
		{A8CA15E5-7EF7-4F2B-8A89-2CDE5C6A8184}.Release|x64.ActiveCfg = Release|x64
		{A8CA15E5-7EF7-4F2B-8A89-2CDE5C6A8184}.Release|x64.Build.0 = Release|x64
		{A8CA15E5-7EF7-4F2B-8A89-2CDE5C6A8184}.Release|x86.ActiveCfg = Release|x86
		{A8CA15E5-7EF7-4F2B-8A89-2CDE5C6A8184}.Release|x86.Build.0 = Release|x86
		{66CC2F53-CFB0-49BF-A4D5-358D8E2EB442}.Debug|Any CPU.ActiveCfg = Debug|Any CPU
		{66CC2F53-CFB0-49BF-A4D5-358D8E2EB442}.Debug|Any CPU.Build.0 = Debug|Any CPU
		{66CC2F53-CFB0-49BF-A4D5-358D8E2EB442}.Debug|x64.ActiveCfg = Debug|x64
		{66CC2F53-CFB0-49BF-A4D5-358D8E2EB442}.Debug|x64.Build.0 = Debug|x64
		{66CC2F53-CFB0-49BF-A4D5-358D8E2EB442}.Debug|x86.ActiveCfg = Debug|x86
		{66CC2F53-CFB0-49BF-A4D5-358D8E2EB442}.Debug|x86.Build.0 = Debug|x86
		{66CC2F53-CFB0-49BF-A4D5-358D8E2EB442}.Release|Any CPU.ActiveCfg = Release|Any CPU
		{66CC2F53-CFB0-49BF-A4D5-358D8E2EB442}.Release|Any CPU.Build.0 = Release|Any CPU
		{66CC2F53-CFB0-49BF-A4D5-358D8E2EB442}.Release|x64.ActiveCfg = Release|x64
		{66CC2F53-CFB0-49BF-A4D5-358D8E2EB442}.Release|x64.Build.0 = Release|x64
		{66CC2F53-CFB0-49BF-A4D5-358D8E2EB442}.Release|x86.ActiveCfg = Release|x86
		{66CC2F53-CFB0-49BF-A4D5-358D8E2EB442}.Release|x86.Build.0 = Release|x86
		{B611268D-8B11-4375-9AC6-50DD01EC7104}.Debug|Any CPU.ActiveCfg = Debug|Any CPU
		{B611268D-8B11-4375-9AC6-50DD01EC7104}.Debug|Any CPU.Build.0 = Debug|Any CPU
		{B611268D-8B11-4375-9AC6-50DD01EC7104}.Debug|x64.ActiveCfg = Debug|x64
		{B611268D-8B11-4375-9AC6-50DD01EC7104}.Debug|x64.Build.0 = Debug|x64
		{B611268D-8B11-4375-9AC6-50DD01EC7104}.Debug|x86.ActiveCfg = Debug|x86
		{B611268D-8B11-4375-9AC6-50DD01EC7104}.Debug|x86.Build.0 = Debug|x86
		{B611268D-8B11-4375-9AC6-50DD01EC7104}.Release|Any CPU.ActiveCfg = Release|Any CPU
		{B611268D-8B11-4375-9AC6-50DD01EC7104}.Release|Any CPU.Build.0 = Release|Any CPU
		{B611268D-8B11-4375-9AC6-50DD01EC7104}.Release|x64.ActiveCfg = Release|x64
		{B611268D-8B11-4375-9AC6-50DD01EC7104}.Release|x64.Build.0 = Release|x64
		{B611268D-8B11-4375-9AC6-50DD01EC7104}.Release|x86.ActiveCfg = Release|x86
		{B611268D-8B11-4375-9AC6-50DD01EC7104}.Release|x86.Build.0 = Release|x86
		{57644A73-DC73-4841-A961-FA555959E55F}.Debug|Any CPU.ActiveCfg = Debug|Any CPU
		{57644A73-DC73-4841-A961-FA555959E55F}.Debug|Any CPU.Build.0 = Debug|Any CPU
		{57644A73-DC73-4841-A961-FA555959E55F}.Debug|x64.ActiveCfg = Debug|x64
		{57644A73-DC73-4841-A961-FA555959E55F}.Debug|x64.Build.0 = Debug|x64
		{57644A73-DC73-4841-A961-FA555959E55F}.Debug|x86.ActiveCfg = Debug|x86
		{57644A73-DC73-4841-A961-FA555959E55F}.Debug|x86.Build.0 = Debug|x86
		{57644A73-DC73-4841-A961-FA555959E55F}.Release|Any CPU.ActiveCfg = Release|Any CPU
		{57644A73-DC73-4841-A961-FA555959E55F}.Release|Any CPU.Build.0 = Release|Any CPU
		{57644A73-DC73-4841-A961-FA555959E55F}.Release|x64.ActiveCfg = Release|x64
		{57644A73-DC73-4841-A961-FA555959E55F}.Release|x64.Build.0 = Release|x64
		{57644A73-DC73-4841-A961-FA555959E55F}.Release|x86.ActiveCfg = Release|x86
		{57644A73-DC73-4841-A961-FA555959E55F}.Release|x86.Build.0 = Release|x86
		{18DD392A-06BB-4B70-8E0C-3745EE6C0DB9}.Debug|Any CPU.ActiveCfg = Debug|Any CPU
		{18DD392A-06BB-4B70-8E0C-3745EE6C0DB9}.Debug|Any CPU.Build.0 = Debug|Any CPU
		{18DD392A-06BB-4B70-8E0C-3745EE6C0DB9}.Debug|x64.ActiveCfg = Debug|x64
		{18DD392A-06BB-4B70-8E0C-3745EE6C0DB9}.Debug|x64.Build.0 = Debug|x64
		{18DD392A-06BB-4B70-8E0C-3745EE6C0DB9}.Debug|x86.ActiveCfg = Debug|x86
		{18DD392A-06BB-4B70-8E0C-3745EE6C0DB9}.Debug|x86.Build.0 = Debug|x86
		{18DD392A-06BB-4B70-8E0C-3745EE6C0DB9}.Release|Any CPU.ActiveCfg = Release|Any CPU
		{18DD392A-06BB-4B70-8E0C-3745EE6C0DB9}.Release|Any CPU.Build.0 = Release|Any CPU
		{18DD392A-06BB-4B70-8E0C-3745EE6C0DB9}.Release|x64.ActiveCfg = Release|x64
		{18DD392A-06BB-4B70-8E0C-3745EE6C0DB9}.Release|x64.Build.0 = Release|x64
		{18DD392A-06BB-4B70-8E0C-3745EE6C0DB9}.Release|x86.ActiveCfg = Release|x86
		{18DD392A-06BB-4B70-8E0C-3745EE6C0DB9}.Release|x86.Build.0 = Release|x86
		{62811285-306A-419C-8A90-63CAEDE35D98}.Debug|Any CPU.ActiveCfg = Debug|Any CPU
		{62811285-306A-419C-8A90-63CAEDE35D98}.Debug|Any CPU.Build.0 = Debug|Any CPU
		{62811285-306A-419C-8A90-63CAEDE35D98}.Debug|x64.ActiveCfg = Debug|x64
		{62811285-306A-419C-8A90-63CAEDE35D98}.Debug|x64.Build.0 = Debug|x64
		{62811285-306A-419C-8A90-63CAEDE35D98}.Debug|x86.ActiveCfg = Debug|x86
		{62811285-306A-419C-8A90-63CAEDE35D98}.Debug|x86.Build.0 = Debug|x86
		{62811285-306A-419C-8A90-63CAEDE35D98}.Release|Any CPU.ActiveCfg = Release|Any CPU
		{62811285-306A-419C-8A90-63CAEDE35D98}.Release|Any CPU.Build.0 = Release|Any CPU
		{62811285-306A-419C-8A90-63CAEDE35D98}.Release|x64.ActiveCfg = Release|x64
		{62811285-306A-419C-8A90-63CAEDE35D98}.Release|x64.Build.0 = Release|x64
		{62811285-306A-419C-8A90-63CAEDE35D98}.Release|x86.ActiveCfg = Release|x86
		{62811285-306A-419C-8A90-63CAEDE35D98}.Release|x86.Build.0 = Release|x86
		{0FAD087C-A873-4D1D-BA5A-24A63AC2C4C5}.Debug|Any CPU.ActiveCfg = Debug|Any CPU
		{0FAD087C-A873-4D1D-BA5A-24A63AC2C4C5}.Debug|Any CPU.Build.0 = Debug|Any CPU
		{0FAD087C-A873-4D1D-BA5A-24A63AC2C4C5}.Debug|x64.ActiveCfg = Debug|x64
		{0FAD087C-A873-4D1D-BA5A-24A63AC2C4C5}.Debug|x64.Build.0 = Debug|x64
		{0FAD087C-A873-4D1D-BA5A-24A63AC2C4C5}.Debug|x86.ActiveCfg = Debug|x86
		{0FAD087C-A873-4D1D-BA5A-24A63AC2C4C5}.Debug|x86.Build.0 = Debug|x86
		{0FAD087C-A873-4D1D-BA5A-24A63AC2C4C5}.Release|Any CPU.ActiveCfg = Release|Any CPU
		{0FAD087C-A873-4D1D-BA5A-24A63AC2C4C5}.Release|Any CPU.Build.0 = Release|Any CPU
		{0FAD087C-A873-4D1D-BA5A-24A63AC2C4C5}.Release|x64.ActiveCfg = Release|x64
		{0FAD087C-A873-4D1D-BA5A-24A63AC2C4C5}.Release|x64.Build.0 = Release|x64
		{0FAD087C-A873-4D1D-BA5A-24A63AC2C4C5}.Release|x86.ActiveCfg = Release|x86
		{0FAD087C-A873-4D1D-BA5A-24A63AC2C4C5}.Release|x86.Build.0 = Release|x86
		{2B44ABA8-515A-4C57-9C43-C5817317EB26}.Debug|Any CPU.ActiveCfg = Debug|Any CPU
		{2B44ABA8-515A-4C57-9C43-C5817317EB26}.Debug|Any CPU.Build.0 = Debug|Any CPU
		{2B44ABA8-515A-4C57-9C43-C5817317EB26}.Debug|x64.ActiveCfg = Debug|x64
		{2B44ABA8-515A-4C57-9C43-C5817317EB26}.Debug|x64.Build.0 = Debug|x64
		{2B44ABA8-515A-4C57-9C43-C5817317EB26}.Debug|x86.ActiveCfg = Debug|x86
		{2B44ABA8-515A-4C57-9C43-C5817317EB26}.Debug|x86.Build.0 = Debug|x86
		{2B44ABA8-515A-4C57-9C43-C5817317EB26}.Release|Any CPU.ActiveCfg = Release|Any CPU
		{2B44ABA8-515A-4C57-9C43-C5817317EB26}.Release|Any CPU.Build.0 = Release|Any CPU
		{2B44ABA8-515A-4C57-9C43-C5817317EB26}.Release|x64.ActiveCfg = Release|x64
		{2B44ABA8-515A-4C57-9C43-C5817317EB26}.Release|x64.Build.0 = Release|x64
		{2B44ABA8-515A-4C57-9C43-C5817317EB26}.Release|x86.ActiveCfg = Release|x86
		{2B44ABA8-515A-4C57-9C43-C5817317EB26}.Release|x86.Build.0 = Release|x86
		{0660C4FC-B8EB-428E-A869-328E9E5894F5}.Debug|Any CPU.ActiveCfg = Debug|Any CPU
		{0660C4FC-B8EB-428E-A869-328E9E5894F5}.Debug|Any CPU.Build.0 = Debug|Any CPU
		{0660C4FC-B8EB-428E-A869-328E9E5894F5}.Debug|x64.ActiveCfg = Debug|x64
		{0660C4FC-B8EB-428E-A869-328E9E5894F5}.Debug|x64.Build.0 = Debug|x64
		{0660C4FC-B8EB-428E-A869-328E9E5894F5}.Debug|x86.ActiveCfg = Debug|x86
		{0660C4FC-B8EB-428E-A869-328E9E5894F5}.Debug|x86.Build.0 = Debug|x86
		{0660C4FC-B8EB-428E-A869-328E9E5894F5}.Release|Any CPU.ActiveCfg = Release|Any CPU
		{0660C4FC-B8EB-428E-A869-328E9E5894F5}.Release|Any CPU.Build.0 = Release|Any CPU
		{0660C4FC-B8EB-428E-A869-328E9E5894F5}.Release|x64.ActiveCfg = Release|x64
		{0660C4FC-B8EB-428E-A869-328E9E5894F5}.Release|x64.Build.0 = Release|x64
		{0660C4FC-B8EB-428E-A869-328E9E5894F5}.Release|x86.ActiveCfg = Release|x86
		{0660C4FC-B8EB-428E-A869-328E9E5894F5}.Release|x86.Build.0 = Release|x86
		{EBB23712-F833-4F91-B275-C4DEAA0B9134}.Debug|Any CPU.ActiveCfg = Debug|Any CPU
		{EBB23712-F833-4F91-B275-C4DEAA0B9134}.Debug|Any CPU.Build.0 = Debug|Any CPU
		{EBB23712-F833-4F91-B275-C4DEAA0B9134}.Debug|x64.ActiveCfg = Debug|x64
		{EBB23712-F833-4F91-B275-C4DEAA0B9134}.Debug|x64.Build.0 = Debug|x64
		{EBB23712-F833-4F91-B275-C4DEAA0B9134}.Debug|x86.ActiveCfg = Debug|x86
		{EBB23712-F833-4F91-B275-C4DEAA0B9134}.Debug|x86.Build.0 = Debug|x86
		{EBB23712-F833-4F91-B275-C4DEAA0B9134}.Release|Any CPU.ActiveCfg = Release|Any CPU
		{EBB23712-F833-4F91-B275-C4DEAA0B9134}.Release|Any CPU.Build.0 = Release|Any CPU
		{EBB23712-F833-4F91-B275-C4DEAA0B9134}.Release|x64.ActiveCfg = Release|x64
		{EBB23712-F833-4F91-B275-C4DEAA0B9134}.Release|x64.Build.0 = Release|x64
		{EBB23712-F833-4F91-B275-C4DEAA0B9134}.Release|x86.ActiveCfg = Release|x86
		{EBB23712-F833-4F91-B275-C4DEAA0B9134}.Release|x86.Build.0 = Release|x86
		{5C757F85-3BA1-43F8-8890-51191E7A2A85}.Debug|Any CPU.ActiveCfg = Debug|Any CPU
		{5C757F85-3BA1-43F8-8890-51191E7A2A85}.Debug|Any CPU.Build.0 = Debug|Any CPU
		{5C757F85-3BA1-43F8-8890-51191E7A2A85}.Debug|x64.ActiveCfg = Debug|x64
		{5C757F85-3BA1-43F8-8890-51191E7A2A85}.Debug|x64.Build.0 = Debug|x64
		{5C757F85-3BA1-43F8-8890-51191E7A2A85}.Debug|x86.ActiveCfg = Debug|x86
		{5C757F85-3BA1-43F8-8890-51191E7A2A85}.Debug|x86.Build.0 = Debug|x86
		{5C757F85-3BA1-43F8-8890-51191E7A2A85}.Release|Any CPU.ActiveCfg = Release|Any CPU
		{5C757F85-3BA1-43F8-8890-51191E7A2A85}.Release|Any CPU.Build.0 = Release|Any CPU
		{5C757F85-3BA1-43F8-8890-51191E7A2A85}.Release|x64.ActiveCfg = Release|x64
		{5C757F85-3BA1-43F8-8890-51191E7A2A85}.Release|x64.Build.0 = Release|x64
		{5C757F85-3BA1-43F8-8890-51191E7A2A85}.Release|x86.ActiveCfg = Release|x86
		{5C757F85-3BA1-43F8-8890-51191E7A2A85}.Release|x86.Build.0 = Release|x86
		{FD35E327-A158-49ED-950E-ECF36BFF5C98}.Debug|Any CPU.ActiveCfg = Debug|Any CPU
		{FD35E327-A158-49ED-950E-ECF36BFF5C98}.Debug|Any CPU.Build.0 = Debug|Any CPU
		{FD35E327-A158-49ED-950E-ECF36BFF5C98}.Debug|x64.ActiveCfg = Debug|x64
		{FD35E327-A158-49ED-950E-ECF36BFF5C98}.Debug|x64.Build.0 = Debug|x64
		{FD35E327-A158-49ED-950E-ECF36BFF5C98}.Debug|x86.ActiveCfg = Debug|x86
		{FD35E327-A158-49ED-950E-ECF36BFF5C98}.Debug|x86.Build.0 = Debug|x86
		{FD35E327-A158-49ED-950E-ECF36BFF5C98}.Release|Any CPU.ActiveCfg = Release|Any CPU
		{FD35E327-A158-49ED-950E-ECF36BFF5C98}.Release|Any CPU.Build.0 = Release|Any CPU
		{FD35E327-A158-49ED-950E-ECF36BFF5C98}.Release|x64.ActiveCfg = Release|x64
		{FD35E327-A158-49ED-950E-ECF36BFF5C98}.Release|x64.Build.0 = Release|x64
		{FD35E327-A158-49ED-950E-ECF36BFF5C98}.Release|x86.ActiveCfg = Release|x86
		{FD35E327-A158-49ED-950E-ECF36BFF5C98}.Release|x86.Build.0 = Release|x86
		{1827084D-F6B7-4207-81E0-C8138A595746}.Debug|Any CPU.ActiveCfg = Debug|Any CPU
		{1827084D-F6B7-4207-81E0-C8138A595746}.Debug|Any CPU.Build.0 = Debug|Any CPU
		{1827084D-F6B7-4207-81E0-C8138A595746}.Debug|x64.ActiveCfg = Debug|x64
		{1827084D-F6B7-4207-81E0-C8138A595746}.Debug|x64.Build.0 = Debug|x64
		{1827084D-F6B7-4207-81E0-C8138A595746}.Debug|x86.ActiveCfg = Debug|x86
		{1827084D-F6B7-4207-81E0-C8138A595746}.Debug|x86.Build.0 = Debug|x86
		{1827084D-F6B7-4207-81E0-C8138A595746}.Release|Any CPU.ActiveCfg = Release|Any CPU
		{1827084D-F6B7-4207-81E0-C8138A595746}.Release|Any CPU.Build.0 = Release|Any CPU
		{1827084D-F6B7-4207-81E0-C8138A595746}.Release|x64.ActiveCfg = Release|x64
		{1827084D-F6B7-4207-81E0-C8138A595746}.Release|x64.Build.0 = Release|x64
		{1827084D-F6B7-4207-81E0-C8138A595746}.Release|x86.ActiveCfg = Release|x86
		{1827084D-F6B7-4207-81E0-C8138A595746}.Release|x86.Build.0 = Release|x86
		{C1F1D068-C6BD-4F46-839B-4E8810CAF571}.Debug|Any CPU.ActiveCfg = Debug|Any CPU
		{C1F1D068-C6BD-4F46-839B-4E8810CAF571}.Debug|Any CPU.Build.0 = Debug|Any CPU
		{C1F1D068-C6BD-4F46-839B-4E8810CAF571}.Debug|x64.ActiveCfg = Debug|x64
		{C1F1D068-C6BD-4F46-839B-4E8810CAF571}.Debug|x64.Build.0 = Debug|x64
		{C1F1D068-C6BD-4F46-839B-4E8810CAF571}.Debug|x86.ActiveCfg = Debug|x86
		{C1F1D068-C6BD-4F46-839B-4E8810CAF571}.Debug|x86.Build.0 = Debug|x86
		{C1F1D068-C6BD-4F46-839B-4E8810CAF571}.Release|Any CPU.ActiveCfg = Release|Any CPU
		{C1F1D068-C6BD-4F46-839B-4E8810CAF571}.Release|Any CPU.Build.0 = Release|Any CPU
		{C1F1D068-C6BD-4F46-839B-4E8810CAF571}.Release|x64.ActiveCfg = Release|x64
		{C1F1D068-C6BD-4F46-839B-4E8810CAF571}.Release|x64.Build.0 = Release|x64
		{C1F1D068-C6BD-4F46-839B-4E8810CAF571}.Release|x86.ActiveCfg = Release|x86
		{C1F1D068-C6BD-4F46-839B-4E8810CAF571}.Release|x86.Build.0 = Release|x86
		{F9B91480-BCCB-4882-826B-FAE98D50D232}.Debug|Any CPU.ActiveCfg = Debug|Any CPU
		{F9B91480-BCCB-4882-826B-FAE98D50D232}.Debug|Any CPU.Build.0 = Debug|Any CPU
		{F9B91480-BCCB-4882-826B-FAE98D50D232}.Debug|x64.ActiveCfg = Debug|x64
		{F9B91480-BCCB-4882-826B-FAE98D50D232}.Debug|x64.Build.0 = Debug|x64
		{F9B91480-BCCB-4882-826B-FAE98D50D232}.Debug|x86.ActiveCfg = Debug|x86
		{F9B91480-BCCB-4882-826B-FAE98D50D232}.Debug|x86.Build.0 = Debug|x86
		{F9B91480-BCCB-4882-826B-FAE98D50D232}.Release|Any CPU.ActiveCfg = Release|Any CPU
		{F9B91480-BCCB-4882-826B-FAE98D50D232}.Release|Any CPU.Build.0 = Release|Any CPU
		{F9B91480-BCCB-4882-826B-FAE98D50D232}.Release|x64.ActiveCfg = Release|x64
		{F9B91480-BCCB-4882-826B-FAE98D50D232}.Release|x64.Build.0 = Release|x64
		{F9B91480-BCCB-4882-826B-FAE98D50D232}.Release|x86.ActiveCfg = Release|x86
		{F9B91480-BCCB-4882-826B-FAE98D50D232}.Release|x86.Build.0 = Release|x86
		{E062D28D-3B11-44F0-B7A4-48966209391A}.Debug|Any CPU.ActiveCfg = Debug|Any CPU
		{E062D28D-3B11-44F0-B7A4-48966209391A}.Debug|Any CPU.Build.0 = Debug|Any CPU
		{E062D28D-3B11-44F0-B7A4-48966209391A}.Debug|x64.ActiveCfg = Debug|x64
		{E062D28D-3B11-44F0-B7A4-48966209391A}.Debug|x64.Build.0 = Debug|x64
		{E062D28D-3B11-44F0-B7A4-48966209391A}.Debug|x86.ActiveCfg = Debug|x86
		{E062D28D-3B11-44F0-B7A4-48966209391A}.Debug|x86.Build.0 = Debug|x86
		{E062D28D-3B11-44F0-B7A4-48966209391A}.Release|Any CPU.ActiveCfg = Release|Any CPU
		{E062D28D-3B11-44F0-B7A4-48966209391A}.Release|Any CPU.Build.0 = Release|Any CPU
		{E062D28D-3B11-44F0-B7A4-48966209391A}.Release|x64.ActiveCfg = Release|x64
		{E062D28D-3B11-44F0-B7A4-48966209391A}.Release|x64.Build.0 = Release|x64
		{E062D28D-3B11-44F0-B7A4-48966209391A}.Release|x86.ActiveCfg = Release|x86
		{E062D28D-3B11-44F0-B7A4-48966209391A}.Release|x86.Build.0 = Release|x86
		{3BA241C4-F35A-42E8-8105-50884D75411A}.Debug|Any CPU.ActiveCfg = Debug|Any CPU
		{3BA241C4-F35A-42E8-8105-50884D75411A}.Debug|Any CPU.Build.0 = Debug|Any CPU
		{3BA241C4-F35A-42E8-8105-50884D75411A}.Debug|x64.ActiveCfg = Debug|x64
		{3BA241C4-F35A-42E8-8105-50884D75411A}.Debug|x64.Build.0 = Debug|x64
		{3BA241C4-F35A-42E8-8105-50884D75411A}.Debug|x86.ActiveCfg = Debug|x86
		{3BA241C4-F35A-42E8-8105-50884D75411A}.Debug|x86.Build.0 = Debug|x86
		{3BA241C4-F35A-42E8-8105-50884D75411A}.Release|Any CPU.ActiveCfg = Release|Any CPU
		{3BA241C4-F35A-42E8-8105-50884D75411A}.Release|Any CPU.Build.0 = Release|Any CPU
		{3BA241C4-F35A-42E8-8105-50884D75411A}.Release|x64.ActiveCfg = Release|x64
		{3BA241C4-F35A-42E8-8105-50884D75411A}.Release|x64.Build.0 = Release|x64
		{3BA241C4-F35A-42E8-8105-50884D75411A}.Release|x86.ActiveCfg = Release|x86
		{3BA241C4-F35A-42E8-8105-50884D75411A}.Release|x86.Build.0 = Release|x86
		{7C66A184-8A21-4772-B1B3-78AC190BFA14}.Debug|Any CPU.ActiveCfg = Debug|Any CPU
		{7C66A184-8A21-4772-B1B3-78AC190BFA14}.Debug|Any CPU.Build.0 = Debug|Any CPU
		{7C66A184-8A21-4772-B1B3-78AC190BFA14}.Debug|x64.ActiveCfg = Debug|x64
		{7C66A184-8A21-4772-B1B3-78AC190BFA14}.Debug|x64.Build.0 = Debug|x64
		{7C66A184-8A21-4772-B1B3-78AC190BFA14}.Debug|x86.ActiveCfg = Debug|x86
		{7C66A184-8A21-4772-B1B3-78AC190BFA14}.Debug|x86.Build.0 = Debug|x86
		{7C66A184-8A21-4772-B1B3-78AC190BFA14}.Release|Any CPU.ActiveCfg = Release|Any CPU
		{7C66A184-8A21-4772-B1B3-78AC190BFA14}.Release|Any CPU.Build.0 = Release|Any CPU
		{7C66A184-8A21-4772-B1B3-78AC190BFA14}.Release|x64.ActiveCfg = Release|x64
		{7C66A184-8A21-4772-B1B3-78AC190BFA14}.Release|x64.Build.0 = Release|x64
		{7C66A184-8A21-4772-B1B3-78AC190BFA14}.Release|x86.ActiveCfg = Release|x86
		{7C66A184-8A21-4772-B1B3-78AC190BFA14}.Release|x86.Build.0 = Release|x86
		{9D2FBCEF-F8AC-4097-850A-81CE3DCE55C0}.Debug|Any CPU.ActiveCfg = Debug|Any CPU
		{9D2FBCEF-F8AC-4097-850A-81CE3DCE55C0}.Debug|Any CPU.Build.0 = Debug|Any CPU
		{9D2FBCEF-F8AC-4097-850A-81CE3DCE55C0}.Debug|x64.ActiveCfg = Debug|x64
		{9D2FBCEF-F8AC-4097-850A-81CE3DCE55C0}.Debug|x64.Build.0 = Debug|x64
		{9D2FBCEF-F8AC-4097-850A-81CE3DCE55C0}.Debug|x86.ActiveCfg = Debug|x86
		{9D2FBCEF-F8AC-4097-850A-81CE3DCE55C0}.Debug|x86.Build.0 = Debug|x86
		{9D2FBCEF-F8AC-4097-850A-81CE3DCE55C0}.Release|Any CPU.ActiveCfg = Release|Any CPU
		{9D2FBCEF-F8AC-4097-850A-81CE3DCE55C0}.Release|Any CPU.Build.0 = Release|Any CPU
		{9D2FBCEF-F8AC-4097-850A-81CE3DCE55C0}.Release|x64.ActiveCfg = Release|x64
		{9D2FBCEF-F8AC-4097-850A-81CE3DCE55C0}.Release|x64.Build.0 = Release|x64
		{9D2FBCEF-F8AC-4097-850A-81CE3DCE55C0}.Release|x86.ActiveCfg = Release|x86
		{9D2FBCEF-F8AC-4097-850A-81CE3DCE55C0}.Release|x86.Build.0 = Release|x86
		{EC029B46-009B-4491-83E1-E69CDD36D2FC}.Debug|Any CPU.ActiveCfg = Debug|Any CPU
		{EC029B46-009B-4491-83E1-E69CDD36D2FC}.Debug|Any CPU.Build.0 = Debug|Any CPU
		{EC029B46-009B-4491-83E1-E69CDD36D2FC}.Debug|x64.ActiveCfg = Debug|x64
		{EC029B46-009B-4491-83E1-E69CDD36D2FC}.Debug|x64.Build.0 = Debug|x64
		{EC029B46-009B-4491-83E1-E69CDD36D2FC}.Debug|x86.ActiveCfg = Debug|x86
		{EC029B46-009B-4491-83E1-E69CDD36D2FC}.Debug|x86.Build.0 = Debug|x86
		{EC029B46-009B-4491-83E1-E69CDD36D2FC}.Release|Any CPU.ActiveCfg = Release|Any CPU
		{EC029B46-009B-4491-83E1-E69CDD36D2FC}.Release|Any CPU.Build.0 = Release|Any CPU
		{EC029B46-009B-4491-83E1-E69CDD36D2FC}.Release|x64.ActiveCfg = Release|x64
		{EC029B46-009B-4491-83E1-E69CDD36D2FC}.Release|x64.Build.0 = Release|x64
		{EC029B46-009B-4491-83E1-E69CDD36D2FC}.Release|x86.ActiveCfg = Release|x86
		{EC029B46-009B-4491-83E1-E69CDD36D2FC}.Release|x86.Build.0 = Release|x86
		{241F9246-C754-4D6A-A7B7-7915B1728317}.Debug|Any CPU.ActiveCfg = Debug|Any CPU
		{241F9246-C754-4D6A-A7B7-7915B1728317}.Debug|Any CPU.Build.0 = Debug|Any CPU
		{241F9246-C754-4D6A-A7B7-7915B1728317}.Debug|x64.ActiveCfg = Debug|x64
		{241F9246-C754-4D6A-A7B7-7915B1728317}.Debug|x64.Build.0 = Debug|x64
		{241F9246-C754-4D6A-A7B7-7915B1728317}.Debug|x86.ActiveCfg = Debug|x86
		{241F9246-C754-4D6A-A7B7-7915B1728317}.Debug|x86.Build.0 = Debug|x86
		{241F9246-C754-4D6A-A7B7-7915B1728317}.Release|Any CPU.ActiveCfg = Release|Any CPU
		{241F9246-C754-4D6A-A7B7-7915B1728317}.Release|Any CPU.Build.0 = Release|Any CPU
		{241F9246-C754-4D6A-A7B7-7915B1728317}.Release|x64.ActiveCfg = Release|x64
		{241F9246-C754-4D6A-A7B7-7915B1728317}.Release|x64.Build.0 = Release|x64
		{241F9246-C754-4D6A-A7B7-7915B1728317}.Release|x86.ActiveCfg = Release|x86
		{241F9246-C754-4D6A-A7B7-7915B1728317}.Release|x86.Build.0 = Release|x86
		{619E4F55-08CF-4B09-B8A7-CA6DB47E9159}.Debug|Any CPU.ActiveCfg = Debug|Any CPU
		{619E4F55-08CF-4B09-B8A7-CA6DB47E9159}.Debug|Any CPU.Build.0 = Debug|Any CPU
		{619E4F55-08CF-4B09-B8A7-CA6DB47E9159}.Debug|x64.ActiveCfg = Debug|x64
		{619E4F55-08CF-4B09-B8A7-CA6DB47E9159}.Debug|x64.Build.0 = Debug|x64
		{619E4F55-08CF-4B09-B8A7-CA6DB47E9159}.Debug|x86.ActiveCfg = Debug|x86
		{619E4F55-08CF-4B09-B8A7-CA6DB47E9159}.Debug|x86.Build.0 = Debug|x86
		{619E4F55-08CF-4B09-B8A7-CA6DB47E9159}.Release|Any CPU.ActiveCfg = Release|Any CPU
		{619E4F55-08CF-4B09-B8A7-CA6DB47E9159}.Release|Any CPU.Build.0 = Release|Any CPU
		{619E4F55-08CF-4B09-B8A7-CA6DB47E9159}.Release|x64.ActiveCfg = Release|x64
		{619E4F55-08CF-4B09-B8A7-CA6DB47E9159}.Release|x64.Build.0 = Release|x64
		{619E4F55-08CF-4B09-B8A7-CA6DB47E9159}.Release|x86.ActiveCfg = Release|x86
		{619E4F55-08CF-4B09-B8A7-CA6DB47E9159}.Release|x86.Build.0 = Release|x86
		{C2F18AEF-1E9F-4CF2-B73D-DE2BF9AD1F0E}.Debug|Any CPU.ActiveCfg = Debug|Any CPU
		{C2F18AEF-1E9F-4CF2-B73D-DE2BF9AD1F0E}.Debug|Any CPU.Build.0 = Debug|Any CPU
		{C2F18AEF-1E9F-4CF2-B73D-DE2BF9AD1F0E}.Debug|x64.ActiveCfg = Debug|x64
		{C2F18AEF-1E9F-4CF2-B73D-DE2BF9AD1F0E}.Debug|x64.Build.0 = Debug|x64
		{C2F18AEF-1E9F-4CF2-B73D-DE2BF9AD1F0E}.Debug|x86.ActiveCfg = Debug|x86
		{C2F18AEF-1E9F-4CF2-B73D-DE2BF9AD1F0E}.Debug|x86.Build.0 = Debug|x86
		{C2F18AEF-1E9F-4CF2-B73D-DE2BF9AD1F0E}.Release|Any CPU.ActiveCfg = Release|Any CPU
		{C2F18AEF-1E9F-4CF2-B73D-DE2BF9AD1F0E}.Release|Any CPU.Build.0 = Release|Any CPU
		{C2F18AEF-1E9F-4CF2-B73D-DE2BF9AD1F0E}.Release|x64.ActiveCfg = Release|x64
		{C2F18AEF-1E9F-4CF2-B73D-DE2BF9AD1F0E}.Release|x64.Build.0 = Release|x64
		{C2F18AEF-1E9F-4CF2-B73D-DE2BF9AD1F0E}.Release|x86.ActiveCfg = Release|x86
		{C2F18AEF-1E9F-4CF2-B73D-DE2BF9AD1F0E}.Release|x86.Build.0 = Release|x86
		{3CF670A6-93ED-4B93-81E5-9B175027DA42}.Debug|Any CPU.ActiveCfg = Debug|Any CPU
		{3CF670A6-93ED-4B93-81E5-9B175027DA42}.Debug|Any CPU.Build.0 = Debug|Any CPU
		{3CF670A6-93ED-4B93-81E5-9B175027DA42}.Debug|x64.ActiveCfg = Debug|x64
		{3CF670A6-93ED-4B93-81E5-9B175027DA42}.Debug|x64.Build.0 = Debug|x64
		{3CF670A6-93ED-4B93-81E5-9B175027DA42}.Debug|x86.ActiveCfg = Debug|x86
		{3CF670A6-93ED-4B93-81E5-9B175027DA42}.Debug|x86.Build.0 = Debug|x86
		{3CF670A6-93ED-4B93-81E5-9B175027DA42}.Release|Any CPU.ActiveCfg = Release|Any CPU
		{3CF670A6-93ED-4B93-81E5-9B175027DA42}.Release|Any CPU.Build.0 = Release|Any CPU
		{3CF670A6-93ED-4B93-81E5-9B175027DA42}.Release|x64.ActiveCfg = Release|x64
		{3CF670A6-93ED-4B93-81E5-9B175027DA42}.Release|x64.Build.0 = Release|x64
		{3CF670A6-93ED-4B93-81E5-9B175027DA42}.Release|x86.ActiveCfg = Release|x86
		{3CF670A6-93ED-4B93-81E5-9B175027DA42}.Release|x86.Build.0 = Release|x86
		{425E583B-55AA-4936-B6A6-89B464E5CC13}.Debug|Any CPU.ActiveCfg = Debug|Any CPU
		{425E583B-55AA-4936-B6A6-89B464E5CC13}.Debug|Any CPU.Build.0 = Debug|Any CPU
		{425E583B-55AA-4936-B6A6-89B464E5CC13}.Debug|x64.ActiveCfg = Debug|x64
		{425E583B-55AA-4936-B6A6-89B464E5CC13}.Debug|x64.Build.0 = Debug|x64
		{425E583B-55AA-4936-B6A6-89B464E5CC13}.Debug|x86.ActiveCfg = Debug|x86
		{425E583B-55AA-4936-B6A6-89B464E5CC13}.Debug|x86.Build.0 = Debug|x86
		{425E583B-55AA-4936-B6A6-89B464E5CC13}.Release|Any CPU.ActiveCfg = Release|Any CPU
		{425E583B-55AA-4936-B6A6-89B464E5CC13}.Release|Any CPU.Build.0 = Release|Any CPU
		{425E583B-55AA-4936-B6A6-89B464E5CC13}.Release|x64.ActiveCfg = Release|x64
		{425E583B-55AA-4936-B6A6-89B464E5CC13}.Release|x64.Build.0 = Release|x64
		{425E583B-55AA-4936-B6A6-89B464E5CC13}.Release|x86.ActiveCfg = Release|x86
		{425E583B-55AA-4936-B6A6-89B464E5CC13}.Release|x86.Build.0 = Release|x86
		{7CC40494-9027-40D5-BDB9-6516BF168992}.Debug|Any CPU.ActiveCfg = Debug|Any CPU
		{7CC40494-9027-40D5-BDB9-6516BF168992}.Debug|Any CPU.Build.0 = Debug|Any CPU
		{7CC40494-9027-40D5-BDB9-6516BF168992}.Debug|x64.ActiveCfg = Debug|x64
		{7CC40494-9027-40D5-BDB9-6516BF168992}.Debug|x64.Build.0 = Debug|x64
		{7CC40494-9027-40D5-BDB9-6516BF168992}.Debug|x86.ActiveCfg = Debug|x86
		{7CC40494-9027-40D5-BDB9-6516BF168992}.Debug|x86.Build.0 = Debug|x86
		{7CC40494-9027-40D5-BDB9-6516BF168992}.Release|Any CPU.ActiveCfg = Release|Any CPU
		{7CC40494-9027-40D5-BDB9-6516BF168992}.Release|Any CPU.Build.0 = Release|Any CPU
		{7CC40494-9027-40D5-BDB9-6516BF168992}.Release|x64.ActiveCfg = Release|x64
		{7CC40494-9027-40D5-BDB9-6516BF168992}.Release|x64.Build.0 = Release|x64
		{7CC40494-9027-40D5-BDB9-6516BF168992}.Release|x86.ActiveCfg = Release|x86
		{7CC40494-9027-40D5-BDB9-6516BF168992}.Release|x86.Build.0 = Release|x86
		{2645627B-5E28-4812-8403-01C20B9E3E77}.Debug|Any CPU.ActiveCfg = Debug|Any CPU
		{2645627B-5E28-4812-8403-01C20B9E3E77}.Debug|Any CPU.Build.0 = Debug|Any CPU
		{2645627B-5E28-4812-8403-01C20B9E3E77}.Debug|x64.ActiveCfg = Debug|x64
		{2645627B-5E28-4812-8403-01C20B9E3E77}.Debug|x64.Build.0 = Debug|x64
		{2645627B-5E28-4812-8403-01C20B9E3E77}.Debug|x86.ActiveCfg = Debug|x86
		{2645627B-5E28-4812-8403-01C20B9E3E77}.Debug|x86.Build.0 = Debug|x86
		{2645627B-5E28-4812-8403-01C20B9E3E77}.Release|Any CPU.ActiveCfg = Release|Any CPU
		{2645627B-5E28-4812-8403-01C20B9E3E77}.Release|Any CPU.Build.0 = Release|Any CPU
		{2645627B-5E28-4812-8403-01C20B9E3E77}.Release|x64.ActiveCfg = Release|x64
		{2645627B-5E28-4812-8403-01C20B9E3E77}.Release|x64.Build.0 = Release|x64
		{2645627B-5E28-4812-8403-01C20B9E3E77}.Release|x86.ActiveCfg = Release|x86
		{2645627B-5E28-4812-8403-01C20B9E3E77}.Release|x86.Build.0 = Release|x86
		{0DABA934-516A-4BBB-8CB7-7AE6B92976F0}.Debug|Any CPU.ActiveCfg = Debug|Any CPU
		{0DABA934-516A-4BBB-8CB7-7AE6B92976F0}.Debug|Any CPU.Build.0 = Debug|Any CPU
		{0DABA934-516A-4BBB-8CB7-7AE6B92976F0}.Debug|x64.ActiveCfg = Debug|x64
		{0DABA934-516A-4BBB-8CB7-7AE6B92976F0}.Debug|x64.Build.0 = Debug|x64
		{0DABA934-516A-4BBB-8CB7-7AE6B92976F0}.Debug|x86.ActiveCfg = Debug|x86
		{0DABA934-516A-4BBB-8CB7-7AE6B92976F0}.Debug|x86.Build.0 = Debug|x86
		{0DABA934-516A-4BBB-8CB7-7AE6B92976F0}.Release|Any CPU.ActiveCfg = Release|Any CPU
		{0DABA934-516A-4BBB-8CB7-7AE6B92976F0}.Release|Any CPU.Build.0 = Release|Any CPU
		{0DABA934-516A-4BBB-8CB7-7AE6B92976F0}.Release|x64.ActiveCfg = Release|x64
		{0DABA934-516A-4BBB-8CB7-7AE6B92976F0}.Release|x64.Build.0 = Release|x64
		{0DABA934-516A-4BBB-8CB7-7AE6B92976F0}.Release|x86.ActiveCfg = Release|x86
		{0DABA934-516A-4BBB-8CB7-7AE6B92976F0}.Release|x86.Build.0 = Release|x86
		{AE40E138-A271-48A0-A23D-7A646FAC04D8}.Debug|Any CPU.ActiveCfg = Debug|Any CPU
		{AE40E138-A271-48A0-A23D-7A646FAC04D8}.Debug|Any CPU.Build.0 = Debug|Any CPU
		{AE40E138-A271-48A0-A23D-7A646FAC04D8}.Debug|x64.ActiveCfg = Debug|x64
		{AE40E138-A271-48A0-A23D-7A646FAC04D8}.Debug|x64.Build.0 = Debug|x64
		{AE40E138-A271-48A0-A23D-7A646FAC04D8}.Debug|x86.ActiveCfg = Debug|x86
		{AE40E138-A271-48A0-A23D-7A646FAC04D8}.Debug|x86.Build.0 = Debug|x86
		{AE40E138-A271-48A0-A23D-7A646FAC04D8}.Release|Any CPU.ActiveCfg = Release|Any CPU
		{AE40E138-A271-48A0-A23D-7A646FAC04D8}.Release|Any CPU.Build.0 = Release|Any CPU
		{AE40E138-A271-48A0-A23D-7A646FAC04D8}.Release|x64.ActiveCfg = Release|x64
		{AE40E138-A271-48A0-A23D-7A646FAC04D8}.Release|x64.Build.0 = Release|x64
		{AE40E138-A271-48A0-A23D-7A646FAC04D8}.Release|x86.ActiveCfg = Release|x86
		{AE40E138-A271-48A0-A23D-7A646FAC04D8}.Release|x86.Build.0 = Release|x86
		{17858CE8-C019-45A6-9BB5-20859B37630F}.Debug|Any CPU.ActiveCfg = Debug|Any CPU
		{17858CE8-C019-45A6-9BB5-20859B37630F}.Debug|Any CPU.Build.0 = Debug|Any CPU
		{17858CE8-C019-45A6-9BB5-20859B37630F}.Debug|x64.ActiveCfg = Debug|x64
		{17858CE8-C019-45A6-9BB5-20859B37630F}.Debug|x64.Build.0 = Debug|x64
		{17858CE8-C019-45A6-9BB5-20859B37630F}.Debug|x86.ActiveCfg = Debug|x86
		{17858CE8-C019-45A6-9BB5-20859B37630F}.Debug|x86.Build.0 = Debug|x86
		{17858CE8-C019-45A6-9BB5-20859B37630F}.Release|Any CPU.ActiveCfg = Release|Any CPU
		{17858CE8-C019-45A6-9BB5-20859B37630F}.Release|Any CPU.Build.0 = Release|Any CPU
		{17858CE8-C019-45A6-9BB5-20859B37630F}.Release|x64.ActiveCfg = Release|x64
		{17858CE8-C019-45A6-9BB5-20859B37630F}.Release|x64.Build.0 = Release|x64
		{17858CE8-C019-45A6-9BB5-20859B37630F}.Release|x86.ActiveCfg = Release|x86
		{17858CE8-C019-45A6-9BB5-20859B37630F}.Release|x86.Build.0 = Release|x86
		{AA7031C2-9B4B-427B-AAEC-507DE0890D10}.Debug|Any CPU.ActiveCfg = Debug|Any CPU
		{AA7031C2-9B4B-427B-AAEC-507DE0890D10}.Debug|Any CPU.Build.0 = Debug|Any CPU
		{AA7031C2-9B4B-427B-AAEC-507DE0890D10}.Debug|x64.ActiveCfg = Debug|x64
		{AA7031C2-9B4B-427B-AAEC-507DE0890D10}.Debug|x64.Build.0 = Debug|x64
		{AA7031C2-9B4B-427B-AAEC-507DE0890D10}.Debug|x86.ActiveCfg = Debug|x86
		{AA7031C2-9B4B-427B-AAEC-507DE0890D10}.Debug|x86.Build.0 = Debug|x86
		{AA7031C2-9B4B-427B-AAEC-507DE0890D10}.Release|Any CPU.ActiveCfg = Release|Any CPU
		{AA7031C2-9B4B-427B-AAEC-507DE0890D10}.Release|Any CPU.Build.0 = Release|Any CPU
		{AA7031C2-9B4B-427B-AAEC-507DE0890D10}.Release|x64.ActiveCfg = Release|x64
		{AA7031C2-9B4B-427B-AAEC-507DE0890D10}.Release|x64.Build.0 = Release|x64
		{AA7031C2-9B4B-427B-AAEC-507DE0890D10}.Release|x86.ActiveCfg = Release|x86
		{AA7031C2-9B4B-427B-AAEC-507DE0890D10}.Release|x86.Build.0 = Release|x86
		{D1AFFAFA-244D-4FD2-9861-E007C69646AD}.Debug|Any CPU.ActiveCfg = Debug|Any CPU
		{D1AFFAFA-244D-4FD2-9861-E007C69646AD}.Debug|Any CPU.Build.0 = Debug|Any CPU
		{D1AFFAFA-244D-4FD2-9861-E007C69646AD}.Debug|x64.ActiveCfg = Debug|x64
		{D1AFFAFA-244D-4FD2-9861-E007C69646AD}.Debug|x64.Build.0 = Debug|x64
		{D1AFFAFA-244D-4FD2-9861-E007C69646AD}.Debug|x86.ActiveCfg = Debug|x86
		{D1AFFAFA-244D-4FD2-9861-E007C69646AD}.Debug|x86.Build.0 = Debug|x86
		{D1AFFAFA-244D-4FD2-9861-E007C69646AD}.Release|Any CPU.ActiveCfg = Release|Any CPU
		{D1AFFAFA-244D-4FD2-9861-E007C69646AD}.Release|Any CPU.Build.0 = Release|Any CPU
		{D1AFFAFA-244D-4FD2-9861-E007C69646AD}.Release|x64.ActiveCfg = Release|x64
		{D1AFFAFA-244D-4FD2-9861-E007C69646AD}.Release|x64.Build.0 = Release|x64
		{D1AFFAFA-244D-4FD2-9861-E007C69646AD}.Release|x86.ActiveCfg = Release|x86
		{D1AFFAFA-244D-4FD2-9861-E007C69646AD}.Release|x86.Build.0 = Release|x86
		{13ACA26D-CC42-4D52-8A6E-77C263226D35}.Debug|Any CPU.ActiveCfg = Debug|Any CPU
		{13ACA26D-CC42-4D52-8A6E-77C263226D35}.Debug|Any CPU.Build.0 = Debug|Any CPU
		{13ACA26D-CC42-4D52-8A6E-77C263226D35}.Debug|x64.ActiveCfg = Debug|x64
		{13ACA26D-CC42-4D52-8A6E-77C263226D35}.Debug|x64.Build.0 = Debug|x64
		{13ACA26D-CC42-4D52-8A6E-77C263226D35}.Debug|x86.ActiveCfg = Debug|x86
		{13ACA26D-CC42-4D52-8A6E-77C263226D35}.Debug|x86.Build.0 = Debug|x86
		{13ACA26D-CC42-4D52-8A6E-77C263226D35}.Release|Any CPU.ActiveCfg = Release|Any CPU
		{13ACA26D-CC42-4D52-8A6E-77C263226D35}.Release|Any CPU.Build.0 = Release|Any CPU
		{13ACA26D-CC42-4D52-8A6E-77C263226D35}.Release|x64.ActiveCfg = Release|x64
		{13ACA26D-CC42-4D52-8A6E-77C263226D35}.Release|x64.Build.0 = Release|x64
		{13ACA26D-CC42-4D52-8A6E-77C263226D35}.Release|x86.ActiveCfg = Release|x86
		{13ACA26D-CC42-4D52-8A6E-77C263226D35}.Release|x86.Build.0 = Release|x86
		{6BAAB585-C51E-4ECA-A6C1-0360A386175E}.Debug|Any CPU.ActiveCfg = Debug|Any CPU
		{6BAAB585-C51E-4ECA-A6C1-0360A386175E}.Debug|Any CPU.Build.0 = Debug|Any CPU
		{6BAAB585-C51E-4ECA-A6C1-0360A386175E}.Debug|x64.ActiveCfg = Debug|x64
		{6BAAB585-C51E-4ECA-A6C1-0360A386175E}.Debug|x64.Build.0 = Debug|x64
		{6BAAB585-C51E-4ECA-A6C1-0360A386175E}.Debug|x86.ActiveCfg = Debug|x86
		{6BAAB585-C51E-4ECA-A6C1-0360A386175E}.Debug|x86.Build.0 = Debug|x86
		{6BAAB585-C51E-4ECA-A6C1-0360A386175E}.Release|Any CPU.ActiveCfg = Release|Any CPU
		{6BAAB585-C51E-4ECA-A6C1-0360A386175E}.Release|Any CPU.Build.0 = Release|Any CPU
		{6BAAB585-C51E-4ECA-A6C1-0360A386175E}.Release|x64.ActiveCfg = Release|x64
		{6BAAB585-C51E-4ECA-A6C1-0360A386175E}.Release|x64.Build.0 = Release|x64
		{6BAAB585-C51E-4ECA-A6C1-0360A386175E}.Release|x86.ActiveCfg = Release|x86
		{6BAAB585-C51E-4ECA-A6C1-0360A386175E}.Release|x86.Build.0 = Release|x86
		{21003409-0216-401D-905B-0E230AB39303}.Debug|Any CPU.ActiveCfg = Debug|Any CPU
		{21003409-0216-401D-905B-0E230AB39303}.Debug|Any CPU.Build.0 = Debug|Any CPU
		{21003409-0216-401D-905B-0E230AB39303}.Debug|x64.ActiveCfg = Debug|x64
		{21003409-0216-401D-905B-0E230AB39303}.Debug|x64.Build.0 = Debug|x64
		{21003409-0216-401D-905B-0E230AB39303}.Debug|x86.ActiveCfg = Debug|x86
		{21003409-0216-401D-905B-0E230AB39303}.Debug|x86.Build.0 = Debug|x86
		{21003409-0216-401D-905B-0E230AB39303}.Release|Any CPU.ActiveCfg = Release|Any CPU
		{21003409-0216-401D-905B-0E230AB39303}.Release|Any CPU.Build.0 = Release|Any CPU
		{21003409-0216-401D-905B-0E230AB39303}.Release|x64.ActiveCfg = Release|x64
		{21003409-0216-401D-905B-0E230AB39303}.Release|x64.Build.0 = Release|x64
		{21003409-0216-401D-905B-0E230AB39303}.Release|x86.ActiveCfg = Release|x86
		{21003409-0216-401D-905B-0E230AB39303}.Release|x86.Build.0 = Release|x86
		{1118230D-66B9-4390-A930-180A8BEF852C}.Debug|Any CPU.ActiveCfg = Debug|Any CPU
		{1118230D-66B9-4390-A930-180A8BEF852C}.Debug|Any CPU.Build.0 = Debug|Any CPU
		{1118230D-66B9-4390-A930-180A8BEF852C}.Debug|x64.ActiveCfg = Debug|x64
		{1118230D-66B9-4390-A930-180A8BEF852C}.Debug|x64.Build.0 = Debug|x64
		{1118230D-66B9-4390-A930-180A8BEF852C}.Debug|x86.ActiveCfg = Debug|x86
		{1118230D-66B9-4390-A930-180A8BEF852C}.Debug|x86.Build.0 = Debug|x86
		{1118230D-66B9-4390-A930-180A8BEF852C}.Release|Any CPU.ActiveCfg = Release|Any CPU
		{1118230D-66B9-4390-A930-180A8BEF852C}.Release|Any CPU.Build.0 = Release|Any CPU
		{1118230D-66B9-4390-A930-180A8BEF852C}.Release|x64.ActiveCfg = Release|x64
		{1118230D-66B9-4390-A930-180A8BEF852C}.Release|x64.Build.0 = Release|x64
		{1118230D-66B9-4390-A930-180A8BEF852C}.Release|x86.ActiveCfg = Release|x86
		{1118230D-66B9-4390-A930-180A8BEF852C}.Release|x86.Build.0 = Release|x86
	EndGlobalSection
	GlobalSection(SolutionProperties) = preSolution
		HideSolutionNode = FALSE
	EndGlobalSection
	GlobalSection(ExtensibilityGlobals) = postSolution
		SolutionGuid = {02C2355B-1A3A-4926-B04B-C2D6E6A349EE}
	EndGlobalSection
EndGlobal
